
Microsoft Visual Studio Solution File, Format Version 12.00
# Visual Studio Version 17
VisualStudioVersion = 17.5.33414.496
MinimumVisualStudioVersion = 10.0.40219.1
Project("{9A19103F-16F7-4668-BE54-9A1E7A4F7556}") = "DALLE·2 Frontend", "DALLE·2 Frontend\DALLE·2 Frontend.csproj", "{1E647A2C-6F4D-492D-8C5F-EA950262369E}"
EndProject
Project("{2150E333-8FDC-42A3-9474-1A3956D46DE8}") = "Solution Items", "Solution Items", "{6DDD18AD-AB74-4594-B060-E2EC2D723B9C}"
	ProjectSection(SolutionItems) = preProject
		dalle2frontend.gif = dalle2frontend.gif
		README.md = README.md
	EndProjectSection
EndProject
Global
	GlobalSection(SolutionConfigurationPlatforms) = preSolution
		Debug|Any CPU = Debug|Any CPU
		Release|Any CPU = Release|Any CPU
	EndGlobalSection
	GlobalSection(ProjectConfigurationPlatforms) = postSolution
		{1E647A2C-6F4D-492D-8C5F-EA950262369E}.Debug|Any CPU.ActiveCfg = Debug|Any CPU
		{1E647A2C-6F4D-492D-8C5F-EA950262369E}.Debug|Any CPU.Build.0 = Debug|Any CPU
		{1E647A2C-6F4D-492D-8C5F-EA950262369E}.Release|Any CPU.ActiveCfg = Release|Any CPU
		{1E647A2C-6F4D-492D-8C5F-EA950262369E}.Release|Any CPU.Build.0 = Release|Any CPU
	EndGlobalSection
	GlobalSection(SolutionProperties) = preSolution
		HideSolutionNode = FALSE
	EndGlobalSection
	GlobalSection(ExtensibilityGlobals) = postSolution
		SolutionGuid = {E400C127-A3BE-43EF-9A7E-E1AE59280E54}
	EndGlobalSection
EndGlobal
